
Microsoft Visual Studio Solution File, Format Version 12.00
# Visual Studio Version 16
VisualStudioVersion = 16.0.29306.81
MinimumVisualStudioVersion = 10.0.40219.1
Project("{FAE04EC0-301F-11D3-BF4B-00C04F79EFBC}") = "P01_Sieve", "P01_Sieve\P01_Sieve.csproj", "{92962609-24FB-4147-AB7F-A70657254C25}"
EndProject
Project("{FAE04EC0-301F-11D3-BF4B-00C04F79EFBC}") = "P02_Raumschiff", "P02_Raumschiff\P02_Raumschiff.csproj", "{B7493AA7-E1CF-4CA4-9E5B-11BB537BF850}"
EndProject
Project("{FAE04EC0-301F-11D3-BF4B-00C04F79EFBC}") = "P03_Vector", "P03_Vektor\P03_Vector.csproj", "{7A576AF1-1317-429E-9915-74614046EDF7}"
EndProject
Project("{FAE04EC0-301F-11D3-BF4B-00C04F79EFBC}") = "P04_Weltall", "P04_Weltall\P04_Weltall.csproj", "{7CC2BC2D-5ABD-4124-AF99-4174CE0C82BE}"
EndProject
Project("{FAE04EC0-301F-11D3-BF4B-00C04F79EFBC}") = "P05_Weltall_2", "P05_Weltall_2\P05_Weltall_2.csproj", "{3C52B9B9-6876-4400-A6D9-70E702321219}"
EndProject
Project("{FAE04EC0-301F-11D3-BF4B-00C04F79EFBC}") = "P06_NextChange", "P06_NextChange\P06_NextChange.csproj", "{432F7F18-6A93-405E-8B93-58A940E28603}"
EndProject
Project("{FAE04EC0-301F-11D3-BF4B-00C04F79EFBC}") = "P07_NextChange", "P07_NextChange\P07_NextChange.csproj", "{EE2D2888-EDC8-4419-B5F5-EFC83B00FBCB}"
EndProject
Project("{FAE04EC0-301F-11D3-BF4B-00C04F79EFBC}") = "Playground", "Playground\Playground.csproj", "{C7899071-36C7-48EC-9097-FFA82DFD23BC}"
EndProject
Project("{FAE04EC0-301F-11D3-BF4B-00C04F79EFBC}") = "P08_NextChange_Forms", "P08_NextChange_Forms\P08_NextChange_Forms.csproj", "{C5E82C80-3C3B-4A52-9EA4-D7EE412E23AE}"
EndProject
Project("{FAE04EC0-301F-11D3-BF4B-00C04F79EFBC}") = "P09_ADO.NET", "P09_ADO.NET\P09_ADO.NET.csproj", "{A00960AB-6B9A-41BB-B194-6BFE1F2F36D4}"
EndProject
Project("{FAE04EC0-301F-11D3-BF4B-00C04F79EFBC}") = "P09_ADO.NET_form", "P09_ADO.NET_form\P09_ADO.NET_form.csproj", "{2388EA09-F784-4F60-BB13-FAF08C212862}"
EndProject
Project("{FAE04EC0-301F-11D3-BF4B-00C04F79EFBC}") = "P10_BMI", "P10_BMI\P10_BMI.csproj", "{06B87445-718B-4AED-94BE-98AE9F425CA9}"
EndProject
Project("{FAE04EC0-301F-11D3-BF4B-00C04F79EFBC}") = "P11_BMI_2", "P11_BMI_2\P11_BMI_2.csproj", "{17191274-1B56-44D2-A4A2-C73DE8410163}"
EndProject
Global
	GlobalSection(SolutionConfigurationPlatforms) = preSolution
		Debug|Any CPU = Debug|Any CPU
		Release|Any CPU = Release|Any CPU
	EndGlobalSection
	GlobalSection(ProjectConfigurationPlatforms) = postSolution
		{92962609-24FB-4147-AB7F-A70657254C25}.Debug|Any CPU.ActiveCfg = Debug|Any CPU
		{92962609-24FB-4147-AB7F-A70657254C25}.Debug|Any CPU.Build.0 = Debug|Any CPU
		{92962609-24FB-4147-AB7F-A70657254C25}.Release|Any CPU.ActiveCfg = Release|Any CPU
		{92962609-24FB-4147-AB7F-A70657254C25}.Release|Any CPU.Build.0 = Release|Any CPU
		{B7493AA7-E1CF-4CA4-9E5B-11BB537BF850}.Debug|Any CPU.ActiveCfg = Debug|Any CPU
		{B7493AA7-E1CF-4CA4-9E5B-11BB537BF850}.Debug|Any CPU.Build.0 = Debug|Any CPU
		{B7493AA7-E1CF-4CA4-9E5B-11BB537BF850}.Release|Any CPU.ActiveCfg = Release|Any CPU
		{B7493AA7-E1CF-4CA4-9E5B-11BB537BF850}.Release|Any CPU.Build.0 = Release|Any CPU
		{7A576AF1-1317-429E-9915-74614046EDF7}.Debug|Any CPU.ActiveCfg = Debug|Any CPU
		{7A576AF1-1317-429E-9915-74614046EDF7}.Debug|Any CPU.Build.0 = Debug|Any CPU
		{7A576AF1-1317-429E-9915-74614046EDF7}.Release|Any CPU.ActiveCfg = Release|Any CPU
		{7A576AF1-1317-429E-9915-74614046EDF7}.Release|Any CPU.Build.0 = Release|Any CPU
		{7CC2BC2D-5ABD-4124-AF99-4174CE0C82BE}.Debug|Any CPU.ActiveCfg = Debug|Any CPU
		{7CC2BC2D-5ABD-4124-AF99-4174CE0C82BE}.Debug|Any CPU.Build.0 = Debug|Any CPU
		{7CC2BC2D-5ABD-4124-AF99-4174CE0C82BE}.Release|Any CPU.ActiveCfg = Release|Any CPU
		{7CC2BC2D-5ABD-4124-AF99-4174CE0C82BE}.Release|Any CPU.Build.0 = Release|Any CPU
		{3C52B9B9-6876-4400-A6D9-70E702321219}.Debug|Any CPU.ActiveCfg = Debug|Any CPU
		{3C52B9B9-6876-4400-A6D9-70E702321219}.Debug|Any CPU.Build.0 = Debug|Any CPU
		{3C52B9B9-6876-4400-A6D9-70E702321219}.Release|Any CPU.ActiveCfg = Release|Any CPU
		{3C52B9B9-6876-4400-A6D9-70E702321219}.Release|Any CPU.Build.0 = Release|Any CPU
		{432F7F18-6A93-405E-8B93-58A940E28603}.Debug|Any CPU.ActiveCfg = Debug|Any CPU
		{432F7F18-6A93-405E-8B93-58A940E28603}.Debug|Any CPU.Build.0 = Debug|Any CPU
		{432F7F18-6A93-405E-8B93-58A940E28603}.Release|Any CPU.ActiveCfg = Release|Any CPU
		{432F7F18-6A93-405E-8B93-58A940E28603}.Release|Any CPU.Build.0 = Release|Any CPU
		{EE2D2888-EDC8-4419-B5F5-EFC83B00FBCB}.Debug|Any CPU.ActiveCfg = Debug|Any CPU
		{EE2D2888-EDC8-4419-B5F5-EFC83B00FBCB}.Debug|Any CPU.Build.0 = Debug|Any CPU
		{EE2D2888-EDC8-4419-B5F5-EFC83B00FBCB}.Release|Any CPU.ActiveCfg = Release|Any CPU
		{EE2D2888-EDC8-4419-B5F5-EFC83B00FBCB}.Release|Any CPU.Build.0 = Release|Any CPU
		{C7899071-36C7-48EC-9097-FFA82DFD23BC}.Debug|Any CPU.ActiveCfg = Debug|Any CPU
		{C7899071-36C7-48EC-9097-FFA82DFD23BC}.Debug|Any CPU.Build.0 = Debug|Any CPU
		{C7899071-36C7-48EC-9097-FFA82DFD23BC}.Release|Any CPU.ActiveCfg = Release|Any CPU
		{C7899071-36C7-48EC-9097-FFA82DFD23BC}.Release|Any CPU.Build.0 = Release|Any CPU
		{C5E82C80-3C3B-4A52-9EA4-D7EE412E23AE}.Debug|Any CPU.ActiveCfg = Debug|Any CPU
		{C5E82C80-3C3B-4A52-9EA4-D7EE412E23AE}.Debug|Any CPU.Build.0 = Debug|Any CPU
		{C5E82C80-3C3B-4A52-9EA4-D7EE412E23AE}.Release|Any CPU.ActiveCfg = Release|Any CPU
		{C5E82C80-3C3B-4A52-9EA4-D7EE412E23AE}.Release|Any CPU.Build.0 = Release|Any CPU
		{A00960AB-6B9A-41BB-B194-6BFE1F2F36D4}.Debug|Any CPU.ActiveCfg = Debug|Any CPU
		{A00960AB-6B9A-41BB-B194-6BFE1F2F36D4}.Debug|Any CPU.Build.0 = Debug|Any CPU
		{A00960AB-6B9A-41BB-B194-6BFE1F2F36D4}.Release|Any CPU.ActiveCfg = Release|Any CPU
		{A00960AB-6B9A-41BB-B194-6BFE1F2F36D4}.Release|Any CPU.Build.0 = Release|Any CPU
		{2388EA09-F784-4F60-BB13-FAF08C212862}.Debug|Any CPU.ActiveCfg = Debug|Any CPU
		{2388EA09-F784-4F60-BB13-FAF08C212862}.Debug|Any CPU.Build.0 = Debug|Any CPU
		{2388EA09-F784-4F60-BB13-FAF08C212862}.Release|Any CPU.ActiveCfg = Release|Any CPU
		{2388EA09-F784-4F60-BB13-FAF08C212862}.Release|Any CPU.Build.0 = Release|Any CPU
		{06B87445-718B-4AED-94BE-98AE9F425CA9}.Debug|Any CPU.ActiveCfg = Debug|Any CPU
		{06B87445-718B-4AED-94BE-98AE9F425CA9}.Debug|Any CPU.Build.0 = Debug|Any CPU
		{06B87445-718B-4AED-94BE-98AE9F425CA9}.Release|Any CPU.ActiveCfg = Release|Any CPU
		{06B87445-718B-4AED-94BE-98AE9F425CA9}.Release|Any CPU.Build.0 = Release|Any CPU
		{17191274-1B56-44D2-A4A2-C73DE8410163}.Debug|Any CPU.ActiveCfg = Debug|Any CPU
		{17191274-1B56-44D2-A4A2-C73DE8410163}.Debug|Any CPU.Build.0 = Debug|Any CPU
		{17191274-1B56-44D2-A4A2-C73DE8410163}.Release|Any CPU.ActiveCfg = Release|Any CPU
		{17191274-1B56-44D2-A4A2-C73DE8410163}.Release|Any CPU.Build.0 = Release|Any CPU
	EndGlobalSection
	GlobalSection(SolutionProperties) = preSolution
		HideSolutionNode = FALSE
	EndGlobalSection
	GlobalSection(ExtensibilityGlobals) = postSolution
		SolutionGuid = {721D56AB-7A5C-4FA6-830F-272AE0B4CE23}
	EndGlobalSection
EndGlobal
